
Microsoft Visual Studio Solution File, Format Version 12.00
# Visual Studio Version 17
VisualStudioVersion = 17.14.36623.8 d17.14
MinimumVisualStudioVersion = 10.0.40219.1
Project("{FAE04EC0-301F-11D3-BF4B-00C04F79EFBC}") = "BTLT04_fromScratch", "BTLT04_fromScratch.csproj", "{2754AA6A-4EF0-4383-97A0-996251E91422}"
EndProject
Global
	GlobalSection(SolutionConfigurationPlatforms) = preSolution
		Debug|Any CPU = Debug|Any CPU
		Release|Any CPU = Release|Any CPU
	EndGlobalSection
	GlobalSection(ProjectConfigurationPlatforms) = postSolution
		{2754AA6A-4EF0-4383-97A0-996251E91422}.Debug|Any CPU.ActiveCfg = Debug|Any CPU
		{2754AA6A-4EF0-4383-97A0-996251E91422}.Debug|Any CPU.Build.0 = Debug|Any CPU
		{2754AA6A-4EF0-4383-97A0-996251E91422}.Release|Any CPU.ActiveCfg = Release|Any CPU
		{2754AA6A-4EF0-4383-97A0-996251E91422}.Release|Any CPU.Build.0 = Release|Any CPU
	EndGlobalSection
	GlobalSection(SolutionProperties) = preSolution
		HideSolutionNode = FALSE
	EndGlobalSection
	GlobalSection(ExtensibilityGlobals) = postSolution
		SolutionGuid = {B805F95F-44E3-4591-A544-48C25D0C4B78}
	EndGlobalSection
EndGlobal
